
Microsoft Visual Studio Solution File, Format Version 12.00
# Visual Studio Version 16
VisualStudioVersion = 25.0.1706.5
MinimumVisualStudioVersion = 10.0.40219.1
Project("{FAE04EC0-301F-11D3-BF4B-00C04F79EFBC}") = "Xamarin.PdfiumAndroidKt", "Xamarin.PdfiumAndroidKt\Xamarin.PdfiumAndroidKt.csproj", "{F70AFD0A-7BB7-4F21-AE9C-6668B3EDD3A7}"
EndProject
Global
	GlobalSection(SolutionConfigurationPlatforms) = preSolution
		Debug|Any CPU = Debug|Any CPU
		Release|Any CPU = Release|Any CPU
	EndGlobalSection
	GlobalSection(ProjectConfigurationPlatforms) = postSolution
		{F70AFD0A-7BB7-4F21-AE9C-6668B3EDD3A7}.Debug|Any CPU.ActiveCfg = Debug|Any CPU
		{F70AFD0A-7BB7-4F21-AE9C-6668B3EDD3A7}.Debug|Any CPU.Build.0 = Debug|Any CPU
		{F70AFD0A-7BB7-4F21-AE9C-6668B3EDD3A7}.Release|Any CPU.ActiveCfg = Release|Any CPU
		{F70AFD0A-7BB7-4F21-AE9C-6668B3EDD3A7}.Release|Any CPU.Build.0 = Release|Any CPU
	EndGlobalSection
	GlobalSection(SolutionProperties) = preSolution
		HideSolutionNode = FALSE
	EndGlobalSection
	GlobalSection(ExtensibilityGlobals) = postSolution
		SolutionGuid = {FF5E87AF-4196-49DF-BBE5-AE5713CE6603}
	EndGlobalSection
EndGlobal
